
Microsoft Visual Studio Solution File, Format Version 12.00
# Visual Studio Version 17
VisualStudioVersion = 17.6.33815.320
MinimumVisualStudioVersion = 10.0.40219.1
Project("{9A19103F-16F7-4668-BE54-9A1E7A4F7556}") = "TestNagSAApp", "TestNagSAApp\TestNagSAApp.csproj", "{C6DB632E-89F5-4199-BEBC-93A5CF111555}"
EndProject
Project("{2150E333-8FDC-42A3-9474-1A3956D46DE8}") = "App", "App", "{2CE8C87B-9120-4C4D-9C1B-85E1B99D7F80}"
EndProject
Project("{2150E333-8FDC-42A3-9474-1A3956D46DE8}") = "Services", "Services", "{985A7F2C-5C27-49DA-924F-A282C3400D05}"
EndProject
Project("{FAE04EC0-301F-11D3-BF4B-00C04F79EFBC}") = "APIVentas", "APIVentas\APIVentas.csproj", "{39AE50F4-EFDE-45BB-A2E4-A72C685BA0B0}"
EndProject
Global
	GlobalSection(SolutionConfigurationPlatforms) = preSolution
		Debug|Any CPU = Debug|Any CPU
		Release|Any CPU = Release|Any CPU
	EndGlobalSection
	GlobalSection(ProjectConfigurationPlatforms) = postSolution
		{C6DB632E-89F5-4199-BEBC-93A5CF111555}.Debug|Any CPU.ActiveCfg = Debug|Any CPU
		{C6DB632E-89F5-4199-BEBC-93A5CF111555}.Debug|Any CPU.Build.0 = Debug|Any CPU
		{C6DB632E-89F5-4199-BEBC-93A5CF111555}.Release|Any CPU.ActiveCfg = Release|Any CPU
		{C6DB632E-89F5-4199-BEBC-93A5CF111555}.Release|Any CPU.Build.0 = Release|Any CPU
		{39AE50F4-EFDE-45BB-A2E4-A72C685BA0B0}.Debug|Any CPU.ActiveCfg = Debug|Any CPU
		{39AE50F4-EFDE-45BB-A2E4-A72C685BA0B0}.Debug|Any CPU.Build.0 = Debug|Any CPU
		{39AE50F4-EFDE-45BB-A2E4-A72C685BA0B0}.Release|Any CPU.ActiveCfg = Release|Any CPU
		{39AE50F4-EFDE-45BB-A2E4-A72C685BA0B0}.Release|Any CPU.Build.0 = Release|Any CPU
	EndGlobalSection
	GlobalSection(SolutionProperties) = preSolution
		HideSolutionNode = FALSE
	EndGlobalSection
	GlobalSection(NestedProjects) = preSolution
		{C6DB632E-89F5-4199-BEBC-93A5CF111555} = {2CE8C87B-9120-4C4D-9C1B-85E1B99D7F80}
		{39AE50F4-EFDE-45BB-A2E4-A72C685BA0B0} = {985A7F2C-5C27-49DA-924F-A282C3400D05}
	EndGlobalSection
	GlobalSection(ExtensibilityGlobals) = postSolution
		SolutionGuid = {D75726A6-95D2-49AF-8053-145B3C2D4591}
	EndGlobalSection
EndGlobal
